
Microsoft Visual Studio Solution File, Format Version 12.00
# Visual Studio Version 16
VisualStudioVersion = 25.0.1705.0
MinimumVisualStudioVersion = 10.0.40219.1
Project("{FAE04EC0-301F-11D3-BF4B-00C04F79EFBC}") = "MediatorExample", "MediatorExample\MediatorExample.csproj", "{82CD4D3E-BF8F-4FCA-91D7-3D3063F4904E}"
EndProject
Project("{FAE04EC0-301F-11D3-BF4B-00C04F79EFBC}") = "RowebMediator", "RowebMediator\RowebMediator.csproj", "{54E76570-B887-4C1B-B9A6-CB6814A1A956}"
EndProject
Global
	GlobalSection(SolutionConfigurationPlatforms) = preSolution
		Debug|Any CPU = Debug|Any CPU
		Release|Any CPU = Release|Any CPU
	EndGlobalSection
	GlobalSection(ProjectConfigurationPlatforms) = postSolution
		{82CD4D3E-BF8F-4FCA-91D7-3D3063F4904E}.Debug|Any CPU.ActiveCfg = Debug|Any CPU
		{82CD4D3E-BF8F-4FCA-91D7-3D3063F4904E}.Debug|Any CPU.Build.0 = Debug|Any CPU
		{82CD4D3E-BF8F-4FCA-91D7-3D3063F4904E}.Release|Any CPU.ActiveCfg = Release|Any CPU
		{82CD4D3E-BF8F-4FCA-91D7-3D3063F4904E}.Release|Any CPU.Build.0 = Release|Any CPU
		{54E76570-B887-4C1B-B9A6-CB6814A1A956}.Debug|Any CPU.ActiveCfg = Debug|Any CPU
		{54E76570-B887-4C1B-B9A6-CB6814A1A956}.Debug|Any CPU.Build.0 = Debug|Any CPU
		{54E76570-B887-4C1B-B9A6-CB6814A1A956}.Release|Any CPU.ActiveCfg = Release|Any CPU
		{54E76570-B887-4C1B-B9A6-CB6814A1A956}.Release|Any CPU.Build.0 = Release|Any CPU
	EndGlobalSection
	GlobalSection(SolutionProperties) = preSolution
		HideSolutionNode = FALSE
	EndGlobalSection
	GlobalSection(ExtensibilityGlobals) = postSolution
		SolutionGuid = {470E1384-2ABC-4604-8A63-E22224A179BB}
	EndGlobalSection
EndGlobal
